{
  "version": 4,
  "terraform_version": "1.2.5",
  "serial": 21,
  "lineage": "45b9961f-300f-2128-122c-0a5841a8310e",
  "outputs": {
    "application_ip": {
      "value": "50.18.30.231",
      "type": "string"
    }
  },
  "resources": [
    {
      "mode": "data",
      "type": "aws_ami",
      "name": "ubuntu",
      "provider": "provider[\"registry.terraform.io/hashicorp/aws\"]",
      "instances": [
        {
          "schema_version": 0,
          "attributes": {
            "architecture": "x86_64",
            "arn": "arn:aws:ec2:us-west-1::image/ami-040a251ee9d7d1a9b",
            "block_device_mappings": [
              {
                "device_name": "/dev/sda1",
                "ebs": {
                  "delete_on_termination": "true",
                  "encrypted": "false",
                  "iops": "0",
                  "snapshot_id": "snap-09750d32016a65ce8",
                  "throughput": "0",
                  "volume_size": "8",
                  "volume_type": "gp2"
                },
                "no_device": "",
                "virtual_name": ""
              },
              {
                "device_name": "/dev/sdb",
                "ebs": {},
                "no_device": "",
                "virtual_name": "ephemeral0"
              },
              {
                "device_name": "/dev/sdc",
                "ebs": {},
                "no_device": "",
                "virtual_name": "ephemeral1"
              }
            ],
            "boot_mode": "",
            "creation_date": "2022-07-07T00:49:16.000Z",
            "deprecation_time": "2024-07-07T00:49:16.000Z",
            "description": "Canonical, Ubuntu, 20.04 LTS, amd64 focal image build on 2022-07-06",
            "ena_support": true,
            "executable_users": null,
            "filter": [
              {
                "name": "name",
                "values": [
                  "ubuntu/images/hvm-ssd/ubuntu-focal-20.04-amd64-server-*"
                ]
              },
              {
                "name": "virtualization-type",
                "values": [
                  "hvm"
                ]
              }
            ],
            "hypervisor": "xen",
            "id": "ami-040a251ee9d7d1a9b",
            "image_id": "ami-040a251ee9d7d1a9b",
            "image_location": "099720109477/ubuntu/images/hvm-ssd/ubuntu-focal-20.04-amd64-server-20220706",
            "image_owner_alias": "",
            "image_type": "machine",
            "kernel_id": "",
            "most_recent": true,
            "name": "ubuntu/images/hvm-ssd/ubuntu-focal-20.04-amd64-server-20220706",
            "name_regex": null,
            "owner_id": "099720109477",
            "owners": [
              "099720109477"
            ],
            "platform": "",
            "platform_details": "Linux/UNIX",
            "product_codes": [],
            "public": true,
            "ramdisk_id": "",
            "root_device_name": "/dev/sda1",
            "root_device_type": "ebs",
            "root_snapshot_id": "snap-09750d32016a65ce8",
            "sriov_net_support": "simple",
            "state": "available",
            "state_reason": {
              "code": "UNSET",
              "message": "UNSET"
            },
            "tags": {},
            "tpm_support": "",
            "usage_operation": "RunInstances",
            "virtualization_type": "hvm"
          },
          "sensitive_attributes": []
        }
      ]
    },
    {
      "mode": "data",
      "type": "aws_ecr_authorization_token",
      "name": "go_server",
      "provider": "provider[\"registry.terraform.io/hashicorp/aws\"]",
      "instances": [
        {
          "schema_version": 0,
          "attributes": {
            "authorization_token": "QVdTOmV5SndZWGxzYjJGa0lqb2libWgyUTJOSk5VbzJUR2huTjJKRVVHMXlTelpvWkd0QlYxaG9hVkkxVkhrelIxUXpkRmhaUldVdlVHUXJjVnBpZFVwWFdscFhiRkp5UWtzNWNUUnJibFJYZW1kaVNsbExjbWxFTjNZdlIwSkRMemw0YmpkUGEyc3hkemxoUm1RcmRUVTNjSEZKVGpRNVdIRlFUalZUTUc5UVJXNVZTakJwWnk5VUwxSnNaMVpZSzJaRlVFTmxUV0ZIYWpKRE9IcG5ZMWRxUjI5SFN6bENVRVV5TTBWeU1FeGxVelpYTkhJdlVUSTBTRXcwVW5wWk9VTmlPWGROWlZOaGRuSk5NMEpoTm5wWmJtVXdVRzAzVWpScWJXVTBXQzlYYUcxbmJIUkdVMDV6TVhWdlRHZ3JLMWRLUVVNd1QweHlOMGhuTUV4Mk5GZHNLMGxhWW5wdVZVaHBaVUp2VjBaWFkyRnhUVWhsUm5neGVsQk1ZeTlITVRScU0wMVdVMFJaWldNemJqZERkakJZVUVsM2FIcHRNbUYwVVdaelptdG5iVXhIUkdsUFZEbHlZMk0zVFRsaFUycE1LM0pMY25wNVRFNHphbGtyUnpOTVRqRktWbnBFTm5remRtbEJXV2haZURWaFdIQkdObTVKTlRCc2JFWlpNM2x6VlRodFFVaGxWRVoxVTJWTWJEaDJZVTlZT1dOVkt6VmliR3N5YzFadU9YUlJjRTFwVDFGNU9HOHpRalJPUjI5MlRrazVaMkpxWW1oVEt6aGlWVEZMTmxwR1NrSkhia3g0TVRKSllsVlNSbEkxVWpFclVsbFViM0UyVVN0WlVYRlJWRWxZUTJ0U2VFSmpTMHRNVEV0QllXSXdjbU5oWlZZMlNqbGFWamMzYldaWVprcG9Ua1pSVTFoR1YxSXllVmRSYTJOTmVVTTVkM1pCUmtONU9UZ3dXRVp0YXpGQ2NFcE5kVmRYU0RsdlMwdG5URTFFVGpORFdYSkpUa0kxU2xOWlNVUnFSbGR4YW5OYVVrSkxhMWwwUjJkcEx6aEtja0Y1V0M5TlRERnpVVEpNYUVwQ1UyWTNSREp2SzNKbE16Z3pabFZLT0ZKelZYaEVMMjFyTVVOaE5YUkZVRFZEUVZGb2RXcHhPRXBWWWtkUVYyRTBia1p1VldwMVUwRjBLMmM0VlVKeWEyRlBVM05zVmt4cVRIRlBOVVUzUWxWSU1qZEtkVUk1TUZCWlZGQXJaR3gxTjNGRlMwVk5PV1IyU0ZOeFYxSklkazFDYjNNME15dFZTRk5PZUROalEydHpaV05oWVhBd0x5OTRNM0pCYkZoc2NGRktOVlE0TjFGcmNGTldiU3MyU1RZeWFUWnNaVE5GUVV4cGFXeElabTgyVkZocVdWTlpUa1pYSzNoRE9VWTVORlpTUVRnMVYwcEdURWgwV1hJdlZqQnJXa28xUjNRMlZDOXZUblJQWTAxak9VeHJRVUZMVjFZd1UxZzNjSGRpZFhoVEsyTjRjbWhCWkdWRFJsSkZPVFpVTUd0cWFWWkplbVlyV0RkTU5sUm9WbmgzTlcwNVlqZHRUemRvZG5WelNIbFNVbGxFUWxvdmNtVndkbTlwUXpoRU1UTlRlakozTVZWNVFYRkNjekF4ZGxGWlpEaEVkSEJPVlRKck1reDBZbUkzUzBWU016QnFRVWhZSzJseGFWZExNRFUzZVRFclN5OVFTMDlQVVd0dEswUXpkakpEYWpsSk1uSXhkbEJJYzNNemVtSk9UVXBSVG05elVURk5kMFowYm5sYVExYzVSV00zVWs5UFJrTTJTRkZ3YlZZeU5rbDVORFI0TVdkWmFGWjRaWGswZVZSbVpGbFliM0JrVms1SVoySlhPWGRpZDJ3Mk1IZFBObFZWY1RGUVdtZEhNMmhDV1hsUU9ISlNWSFZ1V0RadVVFeHdabmxUTHk5NlluUjJNWE5IZFRsc1pXdHBVazk1U3pOR1VrYzRSRmtyZUhoNWQwazJSVVZXWWxKeVlWQnRSR1FyZWpBMlVYUnhaRkpuV0dnaUxDSmtZWFJoYTJWNUlqb2lRVkZGUWtGSWFXcEZSbGhIZDBZeFkybHdWazloWTBjNGNWSnRTbTlXUWxCaGVUaE1WVlYyVlRoU1ExWldNRmh2U0hkQlFVRklOSGRtUVZsS1MyOWFTV2gyWTA1QlVXTkhiMGM0ZDJKUlNVSkJSRUp2UW1kcmNXaHJhVWM1ZHpCQ1FuZEZkMGhuV1VwWlNWcEpRVmRWUkVKQlJYVk5Ra1ZGUkVKeFZtMVpjWFZtY0dFNFZtaG5RVkIzU1VKRlNVRTNTSGt3WXpKNFlscG9VemRGT1ZWU2JXVm9VRGg1ZUV4M1dDdEVSR2hGUTFNME1IVjBiM1ZrVHpaVVlVVjVkMGx4UzBONlVETTNkR0pOS3pRck5ubE5OMHN5TlhOdmNEbDRhekpqV0VFeGR6MGlMQ0oyWlhKemFXOXVJam9pTWlJc0luUjVjR1VpT2lKRVFWUkJYMHRGV1NJc0ltVjRjR2x5WVhScGIyNGlPakUyTlRnNE5EWXpNREY5",
            "expires_at": "2022-07-26T14:38:21Z",
            "id": "us-west-1",
            "password": "eyJwYXlsb2FkIjoibmh2Q2NJNUo2TGhnN2JEUG1ySzZoZGtBV1hoaVI1VHkzR1QzdFhZRWUvUGQrcVpidUpXWlpXbFJyQks5cTRrblRXemdiSllLcmlEN3YvR0JDLzl4bjdPa2sxdzlhRmQrdTU3cHFJTjQ5WHFQTjVTMG9QRW5VSjBpZy9UL1JsZ1ZYK2ZFUENlTWFHajJDOHpnY1dqR29HSzlCUEUyM0VyMExlUzZXNHIvUTI0SEw0UnpZOUNiOXdNZVNhdnJNM0JhNnpZbmUwUG03UjRqbWU0WC9XaG1nbHRGU05zMXVvTGgrK1dKQUMwT0xyN0hnMEx2NFdsK0laYnpuVUhpZUJvV0ZXY2FxTUhlRngxelBMYy9HMTRqM01WU0RZZWMzbjdDdjBYUEl3aHptMmF0UWZzZmtnbUxHRGlPVDlyY2M3TTlhU2pMK3JLcnp5TE4zalkrRzNMTjFKVnpENnkzdmlBWWhZeDVhWHBGNm5JNTBsbEZZM3lzVThtQUhlVEZ1U2VMbDh2YU9YOWNVKzVibGsyc1ZuOXRRcE1pT1F5OG8zQjROR292Tkk5Z2JqYmhTKzhiVTFLNlpGSkJHbkx4MTJJYlVSRlI1UjErUllUb3E2UStZUXFRVElYQ2tSeEJjS0tMTEtBYWIwcmNhZVY2SjlaVjc3bWZYZkpoTkZRU1hGV1IyeVdRa2NNeUM5d3ZBRkN5OTgwWEZtazFCcEpNdVdXSDlvS0tnTE1ETjNDWXJJTkI1SlNZSURqRldxanNaUkJLa1l0R2dpLzhKckF5WC9NTDFzUTJMaEpCU2Y3RDJvK3JlMzgzZlVKOFJzVXhEL21rMUNhNXRFUDVDQVFodWpxOEpVYkdQV2E0bkZuVWp1U0F0K2c4VUJya2FPU3NsVkxqTHFPNUU3QlVIMjdKdUI5MFBZVFArZGx1N3FFS0VNOWR2SFNxV1JIdk1Cb3M0MytVSFNOeDNjQ2tzZWNhYXAwLy94M3JBbFhscFFKNVQ4N1FrcFNWbSs2STYyaTZsZTNFQUxpaWxIZm82VFhqWVNZTkZXK3hDOUY5NFZSQTg1V0pGTEh0WXIvVjBrWko1R3Q2VC9vTnRPY01jOUxrQUFLV1YwU1g3cHdidXhTK2N4cmhBZGVDRlJFOTZUMGtqaVZJemYrWDdMNlRoVnh3NW05YjdtTzdodnVzSHlSUllEQlovcmVwdm9pQzhEMTNTejJ3MVV5QXFCczAxdlFZZDhEdHBOVTJrMkx0YmI3S0VSMzBqQUhYK2lxaVdLMDU3eTErSy9QS09PUWttK0QzdjJDajlJMnIxdlBIc3MzemJOTUpRTm9zUTFNd0Z0bnlaQ1c5RWM3Uk9PRkM2SFFwbVYyNkl5NDR4MWdZaFZ4ZXk0eVRmZFlYb3BkVk5IZ2JXOXdid2w2MHdPNlVVcTFQWmdHM2hCWXlQOHJSVHVuWDZuUExwZnlTLy96YnR2MXNHdTlsZWtpUk95SzNGUkc4RFkreHh5d0k2RUVWYlJyYVBtRGQrejA2UXRxZFJnWGgiLCJkYXRha2V5IjoiQVFFQkFIaWpFRlhHd0YxY2lwVk9hY0c4cVJtSm9WQlBheThMVVV2VThSQ1ZWMFhvSHdBQUFINHdmQVlKS29aSWh2Y05BUWNHb0c4d2JRSUJBREJvQmdrcWhraUc5dzBCQndFd0hnWUpZSVpJQVdVREJBRXVNQkVFREJxVm1ZcXVmcGE4VmhnQVB3SUJFSUE3SHkwYzJ4YlpoUzdFOVVSbWVoUDh5eEx3WCtERGhFQ1M0MHV0b3VkTzZUYUV5d0lxS0N6UDM3dGJNKzQrNnlNN0syNXNvcDl4azJjWEExdz0iLCJ2ZXJzaW9uIjoiMiIsInR5cGUiOiJEQVRBX0tFWSIsImV4cGlyYXRpb24iOjE2NTg4NDYzMDF9",
            "proxy_endpoint": "https://640267202583.dkr.ecr.us-west-1.amazonaws.com",
            "registry_id": "640267202583",
            "user_name": "AWS"
          },
          "sensitive_attributes": []
        }
      ]
    },
    {
      "mode": "data",
      "type": "aws_iam_policy_document",
      "name": "assume_role_ec2_policy_document",
      "provider": "provider[\"registry.terraform.io/hashicorp/aws\"]",
      "instances": [
        {
          "schema_version": 0,
          "attributes": {
            "id": "1903849331",
            "json": "{\n  \"Version\": \"2012-10-17\",\n  \"Statement\": [\n    {\n      \"Sid\": \"\",\n      \"Effect\": \"Allow\",\n      \"Action\": \"sts:AssumeRole\",\n      \"Principal\": {\n        \"Service\": \"ec2.amazonaws.com\"\n      }\n    }\n  ]\n}",
            "override_json": null,
            "override_policy_documents": null,
            "policy_id": null,
            "source_json": null,
            "source_policy_documents": null,
            "statement": [
              {
                "actions": [
                  "sts:AssumeRole"
                ],
                "condition": [],
                "effect": "Allow",
                "not_actions": [],
                "not_principals": [],
                "not_resources": [],
                "principals": [
                  {
                    "identifiers": [
                      "ec2.amazonaws.com"
                    ],
                    "type": "Service"
                  }
                ],
                "resources": [],
                "sid": ""
              }
            ],
            "version": "2012-10-17"
          },
          "sensitive_attributes": []
        }
      ]
    },
    {
      "mode": "data",
      "type": "aws_iam_policy_document",
      "name": "ecr_access_policy_document",
      "provider": "provider[\"registry.terraform.io/hashicorp/aws\"]",
      "instances": [
        {
          "schema_version": 0,
          "attributes": {
            "id": "3621509197",
            "json": "{\n  \"Version\": \"2012-10-17\",\n  \"Statement\": [\n    {\n      \"Sid\": \"\",\n      \"Effect\": \"Allow\",\n      \"Action\": \"ecr:BatchGetImage\",\n      \"Resource\": \"*\"\n    }\n  ]\n}",
            "override_json": null,
            "override_policy_documents": null,
            "policy_id": null,
            "source_json": null,
            "source_policy_documents": null,
            "statement": [
              {
                "actions": [
                  "ecr:BatchGetImage"
                ],
                "condition": [],
                "effect": "Allow",
                "not_actions": [],
                "not_principals": [],
                "not_resources": [],
                "principals": [],
                "resources": [
                  "*"
                ],
                "sid": ""
              }
            ],
            "version": "2012-10-17"
          },
          "sensitive_attributes": []
        }
      ]
    },
    {
      "mode": "data",
      "type": "aws_iam_policy_document",
      "name": "ecr_policy",
      "provider": "provider[\"registry.terraform.io/hashicorp/aws\"]",
      "instances": [
        {
          "schema_version": 0,
          "attributes": {
            "id": "2478882823",
            "json": "{\n  \"Version\": \"2012-10-17\",\n  \"Statement\": [\n    {\n      \"Sid\": \"\",\n      \"Effect\": \"Allow\",\n      \"Action\": [\n        \"ecr:UploadLayerPart\",\n        \"ecr:SetRepositoryPolicy\",\n        \"ecr:PutImage\",\n        \"ecr:ListImages\",\n        \"ecr:InitiateLayerUpload\",\n        \"ecr:GetRepositoryPolicy\",\n        \"ecr:GetDownloadUrlForLayer\",\n        \"ecr:DescribeRepositories\",\n        \"ecr:DeleteRepositoryPolicy\",\n        \"ecr:DeleteRepository\",\n        \"ecr:CompleteLayerUpload\",\n        \"ecr:BatchGetImage\",\n        \"ecr:BatchDeleteImage\",\n        \"ecr:BatchCheckLayerAvailability\"\n      ],\n      \"Principal\": \"*\"\n    }\n  ]\n}",
            "override_json": null,
            "override_policy_documents": null,
            "policy_id": null,
            "source_json": null,
            "source_policy_documents": null,
            "statement": [
              {
                "actions": [
                  "ecr:BatchCheckLayerAvailability",
                  "ecr:BatchDeleteImage",
                  "ecr:BatchGetImage",
                  "ecr:CompleteLayerUpload",
                  "ecr:DeleteRepository",
                  "ecr:DeleteRepositoryPolicy",
                  "ecr:DescribeRepositories",
                  "ecr:GetDownloadUrlForLayer",
                  "ecr:GetRepositoryPolicy",
                  "ecr:InitiateLayerUpload",
                  "ecr:ListImages",
                  "ecr:PutImage",
                  "ecr:SetRepositoryPolicy",
                  "ecr:UploadLayerPart"
                ],
                "condition": [],
                "effect": "Allow",
                "not_actions": [],
                "not_principals": [],
                "not_resources": [],
                "principals": [
                  {
                    "identifiers": [
                      "*"
                    ],
                    "type": "*"
                  }
                ],
                "resources": [],
                "sid": ""
              }
            ],
            "version": "2012-10-17"
          },
          "sensitive_attributes": []
        }
      ]
    },
    {
      "mode": "managed",
      "type": "aws_default_network_acl",
      "name": "main",
      "provider": "provider[\"registry.terraform.io/hashicorp/aws\"]",
      "instances": [
        {
          "schema_version": 0,
          "attributes": {
            "arn": "arn:aws:ec2:us-west-1:640267202583:network-acl/acl-0b9f7c94506ca651b",
            "default_network_acl_id": "acl-0b9f7c94506ca651b",
            "egress": [
              {
                "action": "allow",
                "cidr_block": "0.0.0.0/0",
                "from_port": 0,
                "icmp_code": 0,
                "icmp_type": 0,
                "ipv6_cidr_block": "",
                "protocol": "-1",
                "rule_no": 100,
                "to_port": 0
              }
            ],
            "id": "acl-0b9f7c94506ca651b",
            "ingress": [
              {
                "action": "allow",
                "cidr_block": "0.0.0.0/0",
                "from_port": 0,
                "icmp_code": 0,
                "icmp_type": 0,
                "ipv6_cidr_block": "",
                "protocol": "-1",
                "rule_no": 100,
                "to_port": 0
              }
            ],
            "owner_id": "640267202583",
            "subnet_ids": [],
            "tags": {},
            "tags_all": {
              "project": "loggercise-go"
            },
            "vpc_id": "vpc-026cb54474ddafb00"
          },
          "sensitive_attributes": [],
          "private": "bnVsbA==",
          "dependencies": [
            "aws_vpc.main"
          ]
        }
      ]
    },
    {
      "mode": "managed",
      "type": "aws_ecr_repository",
      "name": "go_server",
      "provider": "provider[\"registry.terraform.io/hashicorp/aws\"]",
      "instances": [
        {
          "schema_version": 0,
          "attributes": {
            "arn": "arn:aws:ecr:us-west-1:640267202583:repository/loggercise-go",
            "encryption_configuration": [
              {
                "encryption_type": "AES256",
                "kms_key": ""
              }
            ],
            "id": "loggercise-go",
            "image_scanning_configuration": [
              {
                "scan_on_push": true
              }
            ],
            "image_tag_mutability": "IMMUTABLE",
            "name": "loggercise-go",
            "registry_id": "640267202583",
            "repository_url": "640267202583.dkr.ecr.us-west-1.amazonaws.com/loggercise-go",
            "tags": {},
            "tags_all": {
              "project": "loggercise-go"
            },
            "timeouts": null
          },
          "sensitive_attributes": [],
          "private": "eyJlMmJmYjczMC1lY2FhLTExZTYtOGY4OC0zNDM2M2JjN2M0YzAiOnsiZGVsZXRlIjoxMjAwMDAwMDAwMDAwfX0="
        }
      ]
    },
    {
      "mode": "managed",
      "type": "aws_ecr_repository_policy",
      "name": "go_server",
      "provider": "provider[\"registry.terraform.io/hashicorp/aws\"]",
      "instances": [
        {
          "schema_version": 0,
          "attributes": {
            "id": "loggercise-go",
            "policy": "{\"Statement\":[{\"Action\":[\"ecr:UploadLayerPart\",\"ecr:SetRepositoryPolicy\",\"ecr:PutImage\",\"ecr:ListImages\",\"ecr:InitiateLayerUpload\",\"ecr:GetRepositoryPolicy\",\"ecr:GetDownloadUrlForLayer\",\"ecr:DescribeRepositories\",\"ecr:DeleteRepositoryPolicy\",\"ecr:DeleteRepository\",\"ecr:CompleteLayerUpload\",\"ecr:BatchGetImage\",\"ecr:BatchDeleteImage\",\"ecr:BatchCheckLayerAvailability\"],\"Effect\":\"Allow\",\"Principal\":\"*\",\"Sid\":\"\"}],\"Version\":\"2012-10-17\"}",
            "registry_id": "640267202583",
            "repository": "loggercise-go"
          },
          "sensitive_attributes": [],
          "private": "bnVsbA==",
          "dependencies": [
            "aws_ecr_repository.go_server",
            "data.aws_iam_policy_document.ecr_policy"
          ]
        }
      ]
    },
    {
      "mode": "managed",
      "type": "aws_iam_instance_profile",
      "name": "profile",
      "provider": "provider[\"registry.terraform.io/hashicorp/aws\"]",
      "instances": [
        {
          "schema_version": 0,
          "attributes": {
            "arn": "arn:aws:iam::640267202583:instance-profile/application-ec2-profile",
            "create_date": "2022-07-26T02:33:27Z",
            "id": "application-ec2-profile",
            "name": "application-ec2-profile",
            "name_prefix": null,
            "path": "/",
            "role": "application-role",
            "tags": {},
            "tags_all": {
              "project": "loggercise-go"
            },
            "unique_id": "AIPAZKEXGGALYLXABH4IN"
          },
          "sensitive_attributes": [],
          "private": "bnVsbA==",
          "dependencies": [
            "aws_iam_role.role",
            "data.aws_iam_policy_document.assume_role_ec2_policy_document"
          ]
        }
      ]
    },
    {
      "mode": "managed",
      "type": "aws_iam_policy",
      "name": "ecr_access_policy",
      "provider": "provider[\"registry.terraform.io/hashicorp/aws\"]",
      "instances": [
        {
          "schema_version": 0,
          "attributes": {
            "arn": "arn:aws:iam::640267202583:policy/ecr-access-policy",
            "description": "",
            "id": "arn:aws:iam::640267202583:policy/ecr-access-policy",
            "name": "ecr-access-policy",
            "name_prefix": null,
            "path": "/",
            "policy": "{\"Statement\":[{\"Action\":\"ecr:BatchGetImage\",\"Effect\":\"Allow\",\"Resource\":\"*\",\"Sid\":\"\"}],\"Version\":\"2012-10-17\"}",
            "policy_id": "ANPAZKEXGGAL4MKZWGCBV",
            "tags": {},
            "tags_all": {
              "project": "loggercise-go"
            }
          },
          "sensitive_attributes": [],
          "private": "bnVsbA==",
          "dependencies": [
            "data.aws_iam_policy_document.ecr_access_policy_document"
          ]
        }
      ]
    },
    {
      "mode": "managed",
      "type": "aws_iam_policy_attachment",
      "name": "ecr_access",
      "provider": "provider[\"registry.terraform.io/hashicorp/aws\"]",
      "instances": [
        {
          "schema_version": 0,
          "attributes": {
            "groups": [],
            "id": "ecr-access",
            "name": "ecr-access",
            "policy_arn": "arn:aws:iam::640267202583:policy/ecr-access-policy",
            "roles": [
              "application-role"
            ],
            "users": []
          },
          "sensitive_attributes": [],
          "private": "bnVsbA==",
          "dependencies": [
            "aws_iam_policy.ecr_access_policy",
            "aws_iam_role.role",
            "data.aws_iam_policy_document.assume_role_ec2_policy_document",
            "data.aws_iam_policy_document.ecr_access_policy_document"
          ]
        }
      ]
    },
    {
      "mode": "managed",
      "type": "aws_iam_role",
      "name": "role",
      "provider": "provider[\"registry.terraform.io/hashicorp/aws\"]",
      "instances": [
        {
          "schema_version": 0,
          "attributes": {
            "arn": "arn:aws:iam::640267202583:role/application-role",
            "assume_role_policy": "{\"Version\":\"2012-10-17\",\"Statement\":[{\"Sid\":\"\",\"Effect\":\"Allow\",\"Principal\":{\"Service\":\"ec2.amazonaws.com\"},\"Action\":\"sts:AssumeRole\"}]}",
            "create_date": "2022-07-26T02:33:26Z",
            "description": "",
            "force_detach_policies": false,
            "id": "application-role",
            "inline_policy": [
              {
                "name": "",
                "policy": ""
              }
            ],
            "managed_policy_arns": [
              "arn:aws:iam::640267202583:policy/ecr-access-policy"
            ],
            "max_session_duration": 3600,
            "name": "application-role",
            "name_prefix": "",
            "path": "/",
            "permissions_boundary": null,
            "tags": {},
            "tags_all": {
              "project": "loggercise-go"
            },
            "unique_id": "AROAZKEXGGAL7F5Z3JQZT"
          },
          "sensitive_attributes": [],
          "private": "bnVsbA==",
          "dependencies": [
            "data.aws_iam_policy_document.assume_role_ec2_policy_document"
          ]
        }
      ]
    },
    {
      "mode": "managed",
      "type": "aws_instance",
      "name": "application",
      "provider": "provider[\"registry.terraform.io/hashicorp/aws\"]",
      "instances": [
        {
          "schema_version": 1,
          "attributes": {
            "ami": "ami-040a251ee9d7d1a9b",
            "arn": "arn:aws:ec2:us-west-1:640267202583:instance/i-0b4d35d46649127ef",
            "associate_public_ip_address": true,
            "availability_zone": "us-west-1a",
            "capacity_reservation_specification": [
              {
                "capacity_reservation_preference": "open",
                "capacity_reservation_target": []
              }
            ],
            "cpu_core_count": 1,
            "cpu_threads_per_core": 1,
            "credit_specification": [
              {
                "cpu_credits": "standard"
              }
            ],
            "disable_api_stop": false,
            "disable_api_termination": false,
            "ebs_block_device": [],
            "ebs_optimized": false,
            "enclave_options": [
              {
                "enabled": false
              }
            ],
            "ephemeral_block_device": [],
            "get_password_data": false,
            "hibernation": false,
            "host_id": null,
            "iam_instance_profile": "application-ec2-profile",
            "id": "i-0b4d35d46649127ef",
            "instance_initiated_shutdown_behavior": "stop",
            "instance_state": "running",
            "instance_type": "t2.micro",
            "ipv6_address_count": 0,
            "ipv6_addresses": [],
            "key_name": "",
            "launch_template": [],
            "maintenance_options": [
              {
                "auto_recovery": "default"
              }
            ],
            "metadata_options": [
              {
                "http_endpoint": "enabled",
                "http_put_response_hop_limit": 1,
                "http_tokens": "optional",
                "instance_metadata_tags": "disabled"
              }
            ],
            "monitoring": false,
            "network_interface": [],
            "outpost_arn": "",
            "password_data": "",
            "placement_group": "",
            "placement_partition_number": null,
            "primary_network_interface_id": "eni-025e6267a8b1396a9",
            "private_dns": "ip-10-0-0-23.us-west-1.compute.internal",
            "private_dns_name_options": [
              {
                "enable_resource_name_dns_a_record": false,
                "enable_resource_name_dns_aaaa_record": false,
                "hostname_type": "ip-name"
              }
            ],
            "private_ip": "10.0.0.23",
            "public_dns": "",
            "public_ip": "50.18.30.231",
            "root_block_device": [
              {
                "delete_on_termination": true,
                "device_name": "/dev/sda1",
                "encrypted": false,
                "iops": 100,
                "kms_key_id": "",
                "tags": {},
                "throughput": 0,
                "volume_id": "vol-0819ff0f80a1a804d",
                "volume_size": 8,
                "volume_type": "gp2"
              }
            ],
            "secondary_private_ips": [],
            "security_groups": [],
            "source_dest_check": true,
            "subnet_id": "subnet-0dacdb4d3e87767bb",
            "tags": null,
            "tags_all": {
              "project": "loggercise-go"
            },
            "tenancy": "default",
            "timeouts": null,
            "user_data": "0b1f3907a5bf645b5a9bb296fd9d4383e75ef7e6",
            "user_data_base64": null,
            "user_data_replace_on_change": false,
            "volume_tags": null,
            "vpc_security_group_ids": [
              "sg-05ea1bca76d9cf778"
            ]
          },
          "sensitive_attributes": [
            [
              {
                "type": "get_attr",
                "value": "user_data"
              }
            ]
          ],
          "private": "eyJlMmJmYjczMC1lY2FhLTExZTYtOGY4OC0zNDM2M2JjN2M0YzAiOnsiY3JlYXRlIjo2MDAwMDAwMDAwMDAsImRlbGV0ZSI6MTIwMDAwMDAwMDAwMCwidXBkYXRlIjo2MDAwMDAwMDAwMDB9LCJzY2hlbWFfdmVyc2lvbiI6IjEifQ==",
          "dependencies": [
            "aws_ecr_repository.go_server",
            "aws_iam_instance_profile.profile",
            "aws_internet_gateway.gateway",
            "aws_security_group.public",
            "aws_subnet.main",
            "aws_vpc.main",
            "data.aws_ami.ubuntu",
            "data.aws_ecr_authorization_token.go_server",
            "docker_registry_image.go_example"
          ]
        }
      ]
    },
    {
      "mode": "managed",
      "type": "aws_internet_gateway",
      "name": "gateway",
      "provider": "provider[\"registry.terraform.io/hashicorp/aws\"]",
      "instances": [
        {
          "schema_version": 0,
          "attributes": {
            "arn": "arn:aws:ec2:us-west-1:640267202583:internet-gateway/igw-0584c57ade3bea80a",
            "id": "igw-0584c57ade3bea80a",
            "owner_id": "640267202583",
            "tags": {},
            "tags_all": {
              "project": "loggercise-go"
            },
            "vpc_id": "vpc-026cb54474ddafb00"
          },
          "sensitive_attributes": [],
          "private": "bnVsbA==",
          "dependencies": [
            "aws_vpc.main"
          ]
        }
      ]
    },
    {
      "mode": "managed",
      "type": "aws_main_route_table_association",
      "name": "main",
      "provider": "provider[\"registry.terraform.io/hashicorp/aws\"]",
      "instances": [
        {
          "schema_version": 0,
          "attributes": {
            "id": "rtbassoc-00eeb03b2a9a36c5e",
            "original_route_table_id": "rtb-0090610bb44ab2431",
            "route_table_id": "rtb-09590def83f79c435",
            "vpc_id": "vpc-026cb54474ddafb00"
          },
          "sensitive_attributes": [],
          "private": "bnVsbA==",
          "dependencies": [
            "aws_internet_gateway.gateway",
            "aws_route_table.public",
            "aws_vpc.main"
          ]
        }
      ]
    },
    {
      "mode": "managed",
      "type": "aws_network_acl_association",
      "name": "main",
      "provider": "provider[\"registry.terraform.io/hashicorp/aws\"]",
      "instances": [
        {
          "schema_version": 0,
          "attributes": {
            "id": "aclassoc-08f1131fdaf1e9a5d",
            "network_acl_id": "acl-0b9f7c94506ca651b",
            "subnet_id": "subnet-0dacdb4d3e87767bb"
          },
          "sensitive_attributes": [],
          "private": "bnVsbA==",
          "dependencies": [
            "aws_default_network_acl.main",
            "aws_subnet.main",
            "aws_vpc.main"
          ]
        }
      ]
    },
    {
      "mode": "managed",
      "type": "aws_route_table",
      "name": "public",
      "provider": "provider[\"registry.terraform.io/hashicorp/aws\"]",
      "instances": [
        {
          "schema_version": 0,
          "attributes": {
            "arn": "arn:aws:ec2:us-west-1:640267202583:route-table/rtb-09590def83f79c435",
            "id": "rtb-09590def83f79c435",
            "owner_id": "640267202583",
            "propagating_vgws": [],
            "route": [
              {
                "carrier_gateway_id": "",
                "cidr_block": "0.0.0.0/0",
                "core_network_arn": "",
                "destination_prefix_list_id": "",
                "egress_only_gateway_id": "",
                "gateway_id": "igw-0584c57ade3bea80a",
                "instance_id": "",
                "ipv6_cidr_block": "",
                "local_gateway_id": "",
                "nat_gateway_id": "",
                "network_interface_id": "",
                "transit_gateway_id": "",
                "vpc_endpoint_id": "",
                "vpc_peering_connection_id": ""
              }
            ],
            "tags": {},
            "tags_all": {
              "project": "loggercise-go"
            },
            "timeouts": null,
            "vpc_id": "vpc-026cb54474ddafb00"
          },
          "sensitive_attributes": [],
          "private": "eyJlMmJmYjczMC1lY2FhLTExZTYtOGY4OC0zNDM2M2JjN2M0YzAiOnsiY3JlYXRlIjozMDAwMDAwMDAwMDAsImRlbGV0ZSI6MzAwMDAwMDAwMDAwLCJ1cGRhdGUiOjEyMDAwMDAwMDAwMH19",
          "dependencies": [
            "aws_internet_gateway.gateway",
            "aws_vpc.main"
          ]
        }
      ]
    },
    {
      "mode": "managed",
      "type": "aws_route_table_association",
      "name": "main",
      "provider": "provider[\"registry.terraform.io/hashicorp/aws\"]",
      "instances": [
        {
          "schema_version": 0,
          "attributes": {
            "gateway_id": "",
            "id": "rtbassoc-0bda4b31fd3c5a8fc",
            "route_table_id": "rtb-09590def83f79c435",
            "subnet_id": "subnet-0dacdb4d3e87767bb"
          },
          "sensitive_attributes": [],
          "private": "bnVsbA==",
          "dependencies": [
            "aws_route_table.public",
            "aws_subnet.main",
            "aws_vpc.main"
          ]
        }
      ]
    },
    {
      "mode": "managed",
      "type": "aws_security_group",
      "name": "public",
      "provider": "provider[\"registry.terraform.io/hashicorp/aws\"]",
      "instances": [
        {
          "schema_version": 1,
          "attributes": {
            "arn": "arn:aws:ec2:us-west-1:640267202583:security-group/sg-05ea1bca76d9cf778",
            "description": "Managed by Terraform",
            "egress": [
              {
                "cidr_blocks": [
                  "0.0.0.0/0"
                ],
                "description": "",
                "from_port": 0,
                "ipv6_cidr_blocks": [],
                "prefix_list_ids": [],
                "protocol": "-1",
                "security_groups": [],
                "self": false,
                "to_port": 0
              }
            ],
            "id": "sg-05ea1bca76d9cf778",
            "ingress": [
              {
                "cidr_blocks": [
                  "0.0.0.0/0"
                ],
                "description": "",
                "from_port": 80,
                "ipv6_cidr_blocks": [],
                "prefix_list_ids": [],
                "protocol": "tcp",
                "security_groups": [],
                "self": false,
                "to_port": 80
              }
            ],
            "name": "public-sg",
            "name_prefix": "",
            "owner_id": "640267202583",
            "revoke_rules_on_delete": false,
            "tags": {},
            "tags_all": {
              "project": "loggercise-go"
            },
            "timeouts": null,
            "vpc_id": "vpc-026cb54474ddafb00"
          },
          "sensitive_attributes": [],
          "private": "eyJlMmJmYjczMC1lY2FhLTExZTYtOGY4OC0zNDM2M2JjN2M0YzAiOnsiY3JlYXRlIjo2MDAwMDAwMDAwMDAsImRlbGV0ZSI6OTAwMDAwMDAwMDAwfSwic2NoZW1hX3ZlcnNpb24iOiIxIn0=",
          "dependencies": [
            "aws_vpc.main"
          ]
        }
      ]
    },
    {
      "mode": "managed",
      "type": "aws_subnet",
      "name": "main",
      "provider": "provider[\"registry.terraform.io/hashicorp/aws\"]",
      "instances": [
        {
          "schema_version": 1,
          "attributes": {
            "arn": "arn:aws:ec2:us-west-1:640267202583:subnet/subnet-0dacdb4d3e87767bb",
            "assign_ipv6_address_on_creation": false,
            "availability_zone": "us-west-1a",
            "availability_zone_id": "usw1-az1",
            "cidr_block": "10.0.0.0/24",
            "customer_owned_ipv4_pool": "",
            "enable_dns64": false,
            "enable_resource_name_dns_a_record_on_launch": false,
            "enable_resource_name_dns_aaaa_record_on_launch": false,
            "id": "subnet-0dacdb4d3e87767bb",
            "ipv6_cidr_block": "",
            "ipv6_cidr_block_association_id": "",
            "ipv6_native": false,
            "map_customer_owned_ip_on_launch": false,
            "map_public_ip_on_launch": true,
            "outpost_arn": "",
            "owner_id": "640267202583",
            "private_dns_hostname_type_on_launch": "ip-name",
            "tags": null,
            "tags_all": {
              "project": "loggercise-go"
            },
            "timeouts": null,
            "vpc_id": "vpc-026cb54474ddafb00"
          },
          "sensitive_attributes": [],
          "private": "eyJlMmJmYjczMC1lY2FhLTExZTYtOGY4OC0zNDM2M2JjN2M0YzAiOnsiY3JlYXRlIjo2MDAwMDAwMDAwMDAsImRlbGV0ZSI6MTIwMDAwMDAwMDAwMH0sInNjaGVtYV92ZXJzaW9uIjoiMSJ9",
          "dependencies": [
            "aws_vpc.main"
          ]
        }
      ]
    },
    {
      "mode": "managed",
      "type": "aws_vpc",
      "name": "main",
      "provider": "provider[\"registry.terraform.io/hashicorp/aws\"]",
      "instances": [
        {
          "schema_version": 1,
          "attributes": {
            "arn": "arn:aws:ec2:us-west-1:640267202583:vpc/vpc-026cb54474ddafb00",
            "assign_generated_ipv6_cidr_block": false,
            "cidr_block": "10.0.0.0/20",
            "default_network_acl_id": "acl-0b9f7c94506ca651b",
            "default_route_table_id": "rtb-09590def83f79c435",
            "default_security_group_id": "sg-0df4441fc093f946a",
            "dhcp_options_id": "dopt-05827bb25d378f9e5",
            "enable_classiclink": false,
            "enable_classiclink_dns_support": false,
            "enable_dns_hostnames": false,
            "enable_dns_support": true,
            "id": "vpc-026cb54474ddafb00",
            "instance_tenancy": "default",
            "ipv4_ipam_pool_id": null,
            "ipv4_netmask_length": null,
            "ipv6_association_id": "",
            "ipv6_cidr_block": "",
            "ipv6_cidr_block_network_border_group": "",
            "ipv6_ipam_pool_id": "",
            "ipv6_netmask_length": 0,
            "main_route_table_id": "rtb-09590def83f79c435",
            "owner_id": "640267202583",
            "tags": {},
            "tags_all": {
              "project": "loggercise-go"
            }
          },
          "sensitive_attributes": [],
          "private": "eyJzY2hlbWFfdmVyc2lvbiI6IjEifQ=="
        }
      ]
    },
    {
      "mode": "managed",
      "type": "docker_registry_image",
      "name": "go_example",
      "provider": "provider[\"registry.terraform.io/kreuzwerker/docker\"]",
      "instances": [
        {
          "schema_version": 0,
          "attributes": {
            "build": [
              {
                "auth_config": [],
                "build_args": {},
                "build_id": "",
                "cache_from": [],
                "cgroup_parent": "",
                "context": "./../app/.",
                "cpu_period": 0,
                "cpu_quota": 0,
                "cpu_set_cpus": "",
                "cpu_set_mems": "",
                "cpu_shares": 0,
                "dockerfile": "app/Dockerfile",
                "extra_hosts": [],
                "force_remove": false,
                "isolation": "",
                "labels": {},
                "memory": 0,
                "memory_swap": 0,
                "network_mode": "",
                "no_cache": true,
                "platform": "",
                "pull_parent": false,
                "remote_context": "",
                "remove": false,
                "security_opt": [],
                "session_id": "",
                "shm_size": 0,
                "squash": false,
                "suppress_output": false,
                "target": "",
                "ulimit": [],
                "version": ""
              }
            ],
            "id": "sha256:157b65e2d4c3894ca06e587000b994ab457b1dc535e9832d22909f9d78356ca0",
            "insecure_skip_verify": false,
            "keep_remotely": false,
            "name": "640267202583.dkr.ecr.us-west-1.amazonaws.com/loggercise-go:v1",
            "sha256_digest": "sha256:157b65e2d4c3894ca06e587000b994ab457b1dc535e9832d22909f9d78356ca0"
          },
          "sensitive_attributes": [],
          "private": "bnVsbA==",
          "dependencies": [
            "aws_ecr_repository.go_server",
            "data.aws_ecr_authorization_token.go_server"
          ]
        }
      ]
    }
  ]
}
