{
  "version": 4,
  "terraform_version": "1.2.5",
  "serial": 16,
  "lineage": "45b9961f-300f-2128-122c-0a5841a8310e",
  "outputs": {},
  "resources": [
    {
      "mode": "data",
      "type": "aws_ami",
      "name": "ubuntu",
      "provider": "provider[\"registry.terraform.io/hashicorp/aws\"]",
      "instances": [
        {
          "schema_version": 0,
          "attributes": {
            "architecture": "x86_64",
            "arn": "arn:aws:ec2:us-west-1::image/ami-040a251ee9d7d1a9b",
            "block_device_mappings": [
              {
                "device_name": "/dev/sda1",
                "ebs": {
                  "delete_on_termination": "true",
                  "encrypted": "false",
                  "iops": "0",
                  "snapshot_id": "snap-09750d32016a65ce8",
                  "throughput": "0",
                  "volume_size": "8",
                  "volume_type": "gp2"
                },
                "no_device": "",
                "virtual_name": ""
              },
              {
                "device_name": "/dev/sdb",
                "ebs": {},
                "no_device": "",
                "virtual_name": "ephemeral0"
              },
              {
                "device_name": "/dev/sdc",
                "ebs": {},
                "no_device": "",
                "virtual_name": "ephemeral1"
              }
            ],
            "boot_mode": "",
            "creation_date": "2022-07-07T00:49:16.000Z",
            "deprecation_time": "2024-07-07T00:49:16.000Z",
            "description": "Canonical, Ubuntu, 20.04 LTS, amd64 focal image build on 2022-07-06",
            "ena_support": true,
            "executable_users": null,
            "filter": [
              {
                "name": "name",
                "values": [
                  "ubuntu/images/hvm-ssd/ubuntu-focal-20.04-amd64-server-*"
                ]
              },
              {
                "name": "virtualization-type",
                "values": [
                  "hvm"
                ]
              }
            ],
            "hypervisor": "xen",
            "id": "ami-040a251ee9d7d1a9b",
            "image_id": "ami-040a251ee9d7d1a9b",
            "image_location": "099720109477/ubuntu/images/hvm-ssd/ubuntu-focal-20.04-amd64-server-20220706",
            "image_owner_alias": "",
            "image_type": "machine",
            "kernel_id": "",
            "most_recent": true,
            "name": "ubuntu/images/hvm-ssd/ubuntu-focal-20.04-amd64-server-20220706",
            "name_regex": null,
            "owner_id": "099720109477",
            "owners": [
              "099720109477"
            ],
            "platform": "",
            "platform_details": "Linux/UNIX",
            "product_codes": [],
            "public": true,
            "ramdisk_id": "",
            "root_device_name": "/dev/sda1",
            "root_device_type": "ebs",
            "root_snapshot_id": "snap-09750d32016a65ce8",
            "sriov_net_support": "simple",
            "state": "available",
            "state_reason": {
              "code": "UNSET",
              "message": "UNSET"
            },
            "tags": {},
            "tpm_support": "",
            "usage_operation": "RunInstances",
            "virtualization_type": "hvm"
          },
          "sensitive_attributes": []
        }
      ]
    },
    {
      "mode": "data",
      "type": "aws_ecr_authorization_token",
      "name": "go_server",
      "provider": "provider[\"registry.terraform.io/hashicorp/aws\"]",
      "instances": [
        {
          "schema_version": 0,
          "attributes": {
            "authorization_token": "QVdTOmV5SndZWGxzYjJGa0lqb2lORW8xTlRCNldHdFhjMjQzV1U0MFEwTm1OMVZqV1V0T1dXSjNOM2hvVlUxVE5VMW1XRE5FYzJNeGJWWnBOVGx3UWk4MFlWVkdVblZHU1Zsbkx6TlVkVGRQVUhKU2VqaDBWblJIVkV0TGF6bFJhV3BSUW1WaVUyNUxRVEJTUjFobU4wRm5VakV2UTI0MFoyNUJPVk5DVkhnck1HMUhkV2N3TjNvMGIxSjVSWFpTVTBNcmJIVkxNRXBVVVZsR2J6RlpOalp1YWpOaWRUbDNWWGxxUVdwMFFqaFViMmd4TW5SMmQzQnBMeXR2U1dRM1ZubHhiVkJJV0hnMmRtZ3lUREZGYTBKUmRVSTFNa2hWZFRFcldrZHNWSGd5VTNKNFIycFpZVVU0YWt4TGVYQlZXRkIzVVZVNFZIUm1NV040UlhSTVUybHJkVEZXYTJSVWFWcHVSRFZGTkZsM1VHZHFTVWd3ZUVFeVNWUkJOa3BMVjJReU5rSmhiMFpES3pCQ1dsUm9ZbGRGWVZKR1EzaFBRbmxaSzNBelZYbHpRVUZLTlV0TFdEVnFSWEl4VFc5SE5uSjBXV1IwUlZwcWFtNVpUVEpYTVZsSFFUUjBXbmd6YlVOblJHUm9kM0ZpSzFRelowUnZNR0YzYlhKQldXRndNWGs1V1cwNVpUTmtkWHBWT0VkdE5IUjJVRUpZY1hOM05WRndPVFlySzJreE1FMUtUVVF6YlU1bFZGUlVWa2RuY1hJMUsydFBSR2hrUlVFclUwVnlUa28zZG1kRFprUlJVR3RqUTNKcVUyNW9kalUzTms5cFpVZDROemxTU0V0dGVIVm1UVWxwVlRabVFVeHpWbVpWSzJkWFFuQnZhbXRqVUV4cEswNVlLekZ1VUZKaWMwVjBVR1phZUdod1VYVnZjak0yVWxCVVpuTjVhekZIV25sSGMwNUpSa0ZYTjFsamVrb3dZVWxSZUdaYWJYWjFiRzExTkVkbWEwMXJRV05MUlhoVVJITk5URVF4VGxGSE5EWlhiMFpIU2xGdlYwc3haRVI0YkNzemJFY3hlRmxzYWtORVVHWTFNRU1yUVVab2FWY3ZibWQ1UXpKUmVHeHRha3BKTldJelRESmhkbWQ0ZWtjMVVWWktXa3c1Tkd3eU9FdHBkeXR4WW04eVpYb3plbVJUTkRrMWREVk9VVEJ4ZDFGdlNYZE1NMWhFTm1WRVFXSldORWRrZGs5QlJuUnpNRGRXUzBVeFpITmtiemhrVlV4b1ZTc3lZVVZvY3psemNXYzJkaTlXTlZsR1MwbG5hV2M1TXpaYVFuWTJTa0p3VVdGR2FrUTRPR05CY1d0clZYZEliV1ZKUzBWR1MwTlRlRGRWTmxkTVJYVXZPRGd3YkVoMU5EbGphRUp2VnpkaE4xSk1aUzlSUkVod1RETlFjV1JsTjJsdVNFVnBiSHBSWjJaR1dWSTROa0pEU1ZkeFRUZEJjbWhTV1VsWlpVVldVVTlXSzNGcWJWbHZTbkZFYlRCTk5IUnJSM1UzUmxaU1pVdFRVR05VVERGeEsyNUVWVFpSWjNCcGJtSkRWMUZQYTNsTU5HcEZiWE5sU0ZBMGVubFdlRXRzTUdWUWJsUkhaemhJVWxOc1oyOUZhbkZpU0dNMmNHMUtiWEk1TUV0Tk5rdG9SVWxaWTFkRWNUZHBRVlJMVWt4ck1IVnlNSEJOTVhOVVNGZHRXbFZZZWt4R2FtWnVkMmsxVjFveVlsVlVkbEJMYWpKaFRGUXZiVE52VFd4cWMyNVNhbWd6YzBVNFMwcFBORlV4Ukd3NVFqTkthbmRpYzA5dWRpdExZblZ6Y2xaelpYVlBSRGxGTm1OVU0xaG1TbkY0V1hGMFlrNWlRalZyYW05YWNtOXBiazR5UjI1b2IxSm5iVzVXVjBvMFptaEdhbXhvU2pSbVFUbEtZVlJLVTNCM0t6QjRTR0ZNUjFWb0wwWkNabUpsWldFME9Ia3JRamxNUlhVeWJWTkxibGhZSzJ0c1ZVUmxPRk5WV25kUk1XcFlSVzVFVDNFaUxDSmtZWFJoYTJWNUlqb2lRVkZGUWtGSWFXcEZSbGhIZDBZeFkybHdWazloWTBjNGNWSnRTbTlXUWxCaGVUaE1WVlYyVlRoU1ExWldNRmh2U0hkQlFVRklOSGRtUVZsS1MyOWFTV2gyWTA1QlVXTkhiMGM0ZDJKUlNVSkJSRUp2UW1kcmNXaHJhVWM1ZHpCQ1FuZEZkMGhuV1VwWlNWcEpRVmRWUkVKQlJYVk5Ra1ZGUkVOT05HdDZhMkZQTW5oWFVubEZNVFJuU1VKRlNVRTNSMjE2V0dKdFRWRTVZWGxoU0dSeFVEWkJhRFIyZEZOcFQwSXpRbkphTVRsUlJXZ3lhblZ4Vmt4SVNtSnlUVWRKWjNnMWFIQkZaVTlxUVhkTFpqbEdXRU4zVEd0WmRETnpjMnBUS3prd01EMGlMQ0oyWlhKemFXOXVJam9pTWlJc0luUjVjR1VpT2lKRVFWUkJYMHRGV1NJc0ltVjRjR2x5WVhScGIyNGlPakUyTlRnNE5EWXdNRFo5",
            "expires_at": "2022-07-26T14:33:26Z",
            "id": "us-west-1",
            "password": "eyJwYXlsb2FkIjoiNEo1NTB6WGtXc243WU40Q0NmN1VjWUtOWWJ3N3hoVU1TNU1mWDNEc2MxbVZpNTlwQi80YVVGUnVGSVlnLzNUdTdPUHJSejh0VnRHVEtLazlRaWpRQmViU25LQTBSR1hmN0FnUjEvQ240Z25BOVNCVHgrMG1HdWcwN3o0b1J5RXZSU0MrbHVLMEpUUVlGbzFZNjZuajNidTl3VXlqQWp0QjhUb2gxMnR2d3BpLytvSWQ3VnlxbVBIWHg2dmgyTDFFa0JRdUI1MkhVdTErWkdsVHgyU3J4R2pZYUU4akxLeXBVWFB3UVU4VHRmMWN4RXRMU2lrdTFWa2RUaVpuRDVFNFl3UGdqSUgweEEySVRBNkpLV2QyNkJhb0ZDKzBCWlRoYldFYVJGQ3hPQnlZK3AzVXlzQUFKNUtLWDVqRXIxTW9HNnJ0WWR0RVpqam5ZTTJXMVlHQTR0WngzbUNnRGRod3FiK1QzZ0RvMGF3bXJBWWFwMXk5WW05ZTNkdXpVOEdtNHR2UEJYcXN3NVFwOTYrK2kxME1KTUQzbU5lVFRUVkdncXI1K2tPRGhkRUErU0VyTko3dmdDZkRRUGtjQ3JqU25odjU3Nk9pZUd4NzlSSEtteHVmTUlpVTZmQUxzVmZVK2dXQnBvamtjUExpK05YKzFuUFJic0V0UGZaeGhwUXVvcjM2UlBUZnN5azFHWnlHc05JRkFXN1ljekowYUlReGZabXZ1bG11NEdma01rQWNLRXhURHNNTEQxTlFHNDZXb0ZHSlFvV0sxZER4bCszbEcxeFlsakNEUGY1MEMrQUZoaVcvbmd5QzJReGxtakpJNWIzTDJhdmd4ekc1UVZKWkw5NGwyOEtpdytxYm8yZXozemRTNDk1dDVOUTBxd1FvSXdMM1hENmVEQWJWNEdkdk9BRnRzMDdWS0UxZHNkbzhkVUxoVSsyYUVoczlzcWc2di9WNVlGS0lnaWc5MzZaQnY2SkJwUWFGakQ4OGNBcWtrVXdIbWVJS0VGS0NTeDdVNldMRXUvODgwbEh1NDljaEJvVzdhN1JMZS9RREhwTDNQcWRlN2luSEVpbHpRZ2ZGWVI4NkJDSVdxTTdBcmhSWUlZZUVWUU9WK3FqbVlvSnFEbTBNNHRrR3U3RlZSZUtTUGNUTDFxK25EVTZRZ3BpbmJDV1FPa3lMNGpFbXNlSFA0enlWeEtsMGVQblRHZzhIUlNsZ29FanFiSGM2cG1KbXI5MEtNNktoRUlZY1dEcTdpQVRLUkxrMHVyMHBNMXNUSFdtWlVYekxGamZud2k1V1oyYlVUdlBLajJhTFQvbTNvTWxqc25Samgzc0U4S0pPNFUxRGw5QjNKandic09uditLYnVzclZzZXVPRDlFNmNUM1hmSnF4WXF0Yk5iQjVram9acm9pbk4yR25ob1JnbW5WV0o0ZmhGamxoSjRmQTlKYVRKU3B3KzB4SGFMR1VoL0ZCZmJlZWE0OHkrQjlMRXUybVNLblhYK2tsVURlOFNVWndRMWpYRW5ET3EiLCJkYXRha2V5IjoiQVFFQkFIaWpFRlhHd0YxY2lwVk9hY0c4cVJtSm9WQlBheThMVVV2VThSQ1ZWMFhvSHdBQUFINHdmQVlKS29aSWh2Y05BUWNHb0c4d2JRSUJBREJvQmdrcWhraUc5dzBCQndFd0hnWUpZSVpJQVdVREJBRXVNQkVFRENONGt6a2FPMnhXUnlFMTRnSUJFSUE3R216WGJtTVE5YXlhSGRxUDZBaDR2dFNpT0IzQnJaMTlRRWgyanVxVkxISmJyTUdJZ3g1aHBFZU9qQXdLZjlGWEN3TGtZdDNzc2pTKzkwMD0iLCJ2ZXJzaW9uIjoiMiIsInR5cGUiOiJEQVRBX0tFWSIsImV4cGlyYXRpb24iOjE2NTg4NDYwMDZ9",
            "proxy_endpoint": "https://640267202583.dkr.ecr.us-west-1.amazonaws.com",
            "registry_id": "640267202583",
            "user_name": "AWS"
          },
          "sensitive_attributes": []
        }
      ]
    },
    {
      "mode": "data",
      "type": "aws_iam_policy_document",
      "name": "assume_role_ec2_policy_document",
      "provider": "provider[\"registry.terraform.io/hashicorp/aws\"]",
      "instances": [
        {
          "schema_version": 0,
          "attributes": {
            "id": "1903849331",
            "json": "{\n  \"Version\": \"2012-10-17\",\n  \"Statement\": [\n    {\n      \"Sid\": \"\",\n      \"Effect\": \"Allow\",\n      \"Action\": \"sts:AssumeRole\",\n      \"Principal\": {\n        \"Service\": \"ec2.amazonaws.com\"\n      }\n    }\n  ]\n}",
            "override_json": null,
            "override_policy_documents": null,
            "policy_id": null,
            "source_json": null,
            "source_policy_documents": null,
            "statement": [
              {
                "actions": [
                  "sts:AssumeRole"
                ],
                "condition": [],
                "effect": "Allow",
                "not_actions": [],
                "not_principals": [],
                "not_resources": [],
                "principals": [
                  {
                    "identifiers": [
                      "ec2.amazonaws.com"
                    ],
                    "type": "Service"
                  }
                ],
                "resources": [],
                "sid": ""
              }
            ],
            "version": "2012-10-17"
          },
          "sensitive_attributes": []
        }
      ]
    },
    {
      "mode": "data",
      "type": "aws_iam_policy_document",
      "name": "ecr_access_policy_document",
      "provider": "provider[\"registry.terraform.io/hashicorp/aws\"]",
      "instances": [
        {
          "schema_version": 0,
          "attributes": {
            "id": "3621509197",
            "json": "{\n  \"Version\": \"2012-10-17\",\n  \"Statement\": [\n    {\n      \"Sid\": \"\",\n      \"Effect\": \"Allow\",\n      \"Action\": \"ecr:BatchGetImage\",\n      \"Resource\": \"*\"\n    }\n  ]\n}",
            "override_json": null,
            "override_policy_documents": null,
            "policy_id": null,
            "source_json": null,
            "source_policy_documents": null,
            "statement": [
              {
                "actions": [
                  "ecr:BatchGetImage"
                ],
                "condition": [],
                "effect": "Allow",
                "not_actions": [],
                "not_principals": [],
                "not_resources": [],
                "principals": [],
                "resources": [
                  "*"
                ],
                "sid": ""
              }
            ],
            "version": "2012-10-17"
          },
          "sensitive_attributes": []
        }
      ]
    },
    {
      "mode": "data",
      "type": "aws_iam_policy_document",
      "name": "ecr_policy",
      "provider": "provider[\"registry.terraform.io/hashicorp/aws\"]",
      "instances": [
        {
          "schema_version": 0,
          "attributes": {
            "id": "2478882823",
            "json": "{\n  \"Version\": \"2012-10-17\",\n  \"Statement\": [\n    {\n      \"Sid\": \"\",\n      \"Effect\": \"Allow\",\n      \"Action\": [\n        \"ecr:UploadLayerPart\",\n        \"ecr:SetRepositoryPolicy\",\n        \"ecr:PutImage\",\n        \"ecr:ListImages\",\n        \"ecr:InitiateLayerUpload\",\n        \"ecr:GetRepositoryPolicy\",\n        \"ecr:GetDownloadUrlForLayer\",\n        \"ecr:DescribeRepositories\",\n        \"ecr:DeleteRepositoryPolicy\",\n        \"ecr:DeleteRepository\",\n        \"ecr:CompleteLayerUpload\",\n        \"ecr:BatchGetImage\",\n        \"ecr:BatchDeleteImage\",\n        \"ecr:BatchCheckLayerAvailability\"\n      ],\n      \"Principal\": \"*\"\n    }\n  ]\n}",
            "override_json": null,
            "override_policy_documents": null,
            "policy_id": null,
            "source_json": null,
            "source_policy_documents": null,
            "statement": [
              {
                "actions": [
                  "ecr:BatchCheckLayerAvailability",
                  "ecr:BatchDeleteImage",
                  "ecr:BatchGetImage",
                  "ecr:CompleteLayerUpload",
                  "ecr:DeleteRepository",
                  "ecr:DeleteRepositoryPolicy",
                  "ecr:DescribeRepositories",
                  "ecr:GetDownloadUrlForLayer",
                  "ecr:GetRepositoryPolicy",
                  "ecr:InitiateLayerUpload",
                  "ecr:ListImages",
                  "ecr:PutImage",
                  "ecr:SetRepositoryPolicy",
                  "ecr:UploadLayerPart"
                ],
                "condition": [],
                "effect": "Allow",
                "not_actions": [],
                "not_principals": [],
                "not_resources": [],
                "principals": [
                  {
                    "identifiers": [
                      "*"
                    ],
                    "type": "*"
                  }
                ],
                "resources": [],
                "sid": ""
              }
            ],
            "version": "2012-10-17"
          },
          "sensitive_attributes": []
        }
      ]
    },
    {
      "mode": "managed",
      "type": "aws_default_network_acl",
      "name": "main",
      "provider": "provider[\"registry.terraform.io/hashicorp/aws\"]",
      "instances": [
        {
          "schema_version": 0,
          "attributes": {
            "arn": "arn:aws:ec2:us-west-1:640267202583:network-acl/acl-0b9f7c94506ca651b",
            "default_network_acl_id": "acl-0b9f7c94506ca651b",
            "egress": [
              {
                "action": "allow",
                "cidr_block": "0.0.0.0/0",
                "from_port": 0,
                "icmp_code": null,
                "icmp_type": null,
                "ipv6_cidr_block": "",
                "protocol": "-1",
                "rule_no": 100,
                "to_port": 0
              }
            ],
            "id": "acl-0b9f7c94506ca651b",
            "ingress": [
              {
                "action": "allow",
                "cidr_block": "0.0.0.0/0",
                "from_port": 0,
                "icmp_code": null,
                "icmp_type": null,
                "ipv6_cidr_block": "",
                "protocol": "-1",
                "rule_no": 100,
                "to_port": 0
              }
            ],
            "owner_id": "640267202583",
            "subnet_ids": null,
            "tags": null,
            "tags_all": {
              "project": "loggercise-go"
            },
            "vpc_id": "vpc-026cb54474ddafb00"
          },
          "sensitive_attributes": [],
          "private": "bnVsbA==",
          "dependencies": [
            "aws_vpc.main"
          ]
        }
      ]
    },
    {
      "mode": "managed",
      "type": "aws_ecr_repository",
      "name": "go_server",
      "provider": "provider[\"registry.terraform.io/hashicorp/aws\"]",
      "instances": [
        {
          "schema_version": 0,
          "attributes": {
            "arn": "arn:aws:ecr:us-west-1:640267202583:repository/loggercise-go",
            "encryption_configuration": [
              {
                "encryption_type": "AES256",
                "kms_key": ""
              }
            ],
            "id": "loggercise-go",
            "image_scanning_configuration": [
              {
                "scan_on_push": true
              }
            ],
            "image_tag_mutability": "IMMUTABLE",
            "name": "loggercise-go",
            "registry_id": "640267202583",
            "repository_url": "640267202583.dkr.ecr.us-west-1.amazonaws.com/loggercise-go",
            "tags": null,
            "tags_all": {
              "project": "loggercise-go"
            },
            "timeouts": null
          },
          "sensitive_attributes": [],
          "private": "eyJlMmJmYjczMC1lY2FhLTExZTYtOGY4OC0zNDM2M2JjN2M0YzAiOnsiZGVsZXRlIjoxMjAwMDAwMDAwMDAwfX0="
        }
      ]
    },
    {
      "mode": "managed",
      "type": "aws_ecr_repository_policy",
      "name": "go_server",
      "provider": "provider[\"registry.terraform.io/hashicorp/aws\"]",
      "instances": [
        {
          "schema_version": 0,
          "attributes": {
            "id": "loggercise-go",
            "policy": "{\"Statement\":[{\"Action\":[\"ecr:UploadLayerPart\",\"ecr:SetRepositoryPolicy\",\"ecr:PutImage\",\"ecr:ListImages\",\"ecr:InitiateLayerUpload\",\"ecr:GetRepositoryPolicy\",\"ecr:GetDownloadUrlForLayer\",\"ecr:DescribeRepositories\",\"ecr:DeleteRepositoryPolicy\",\"ecr:DeleteRepository\",\"ecr:CompleteLayerUpload\",\"ecr:BatchGetImage\",\"ecr:BatchDeleteImage\",\"ecr:BatchCheckLayerAvailability\"],\"Effect\":\"Allow\",\"Principal\":\"*\",\"Sid\":\"\"}],\"Version\":\"2012-10-17\"}",
            "registry_id": "640267202583",
            "repository": "loggercise-go"
          },
          "sensitive_attributes": [],
          "private": "bnVsbA==",
          "dependencies": [
            "aws_ecr_repository.go_server",
            "data.aws_iam_policy_document.ecr_policy"
          ]
        }
      ]
    },
    {
      "mode": "managed",
      "type": "aws_iam_instance_profile",
      "name": "profile",
      "provider": "provider[\"registry.terraform.io/hashicorp/aws\"]",
      "instances": [
        {
          "schema_version": 0,
          "attributes": {
            "arn": "arn:aws:iam::640267202583:instance-profile/application-ec2-profile",
            "create_date": "2022-07-26T02:33:27Z",
            "id": "application-ec2-profile",
            "name": "application-ec2-profile",
            "name_prefix": null,
            "path": "/",
            "role": "application-role",
            "tags": null,
            "tags_all": {
              "project": "loggercise-go"
            },
            "unique_id": "AIPAZKEXGGALYLXABH4IN"
          },
          "sensitive_attributes": [],
          "private": "bnVsbA==",
          "dependencies": [
            "aws_iam_role.role",
            "data.aws_iam_policy_document.assume_role_ec2_policy_document"
          ]
        }
      ]
    },
    {
      "mode": "managed",
      "type": "aws_iam_policy",
      "name": "ecr_access_policy",
      "provider": "provider[\"registry.terraform.io/hashicorp/aws\"]",
      "instances": [
        {
          "schema_version": 0,
          "attributes": {
            "arn": "arn:aws:iam::640267202583:policy/ecr-access-policy",
            "description": "",
            "id": "arn:aws:iam::640267202583:policy/ecr-access-policy",
            "name": "ecr-access-policy",
            "name_prefix": null,
            "path": "/",
            "policy": "{\"Statement\":[{\"Action\":\"ecr:BatchGetImage\",\"Effect\":\"Allow\",\"Resource\":\"*\",\"Sid\":\"\"}],\"Version\":\"2012-10-17\"}",
            "policy_id": "ANPAZKEXGGAL4MKZWGCBV",
            "tags": null,
            "tags_all": {
              "project": "loggercise-go"
            }
          },
          "sensitive_attributes": [],
          "private": "bnVsbA==",
          "dependencies": [
            "data.aws_iam_policy_document.ecr_access_policy_document"
          ]
        }
      ]
    },
    {
      "mode": "managed",
      "type": "aws_iam_policy_attachment",
      "name": "ecr_access",
      "provider": "provider[\"registry.terraform.io/hashicorp/aws\"]",
      "instances": [
        {
          "schema_version": 0,
          "attributes": {
            "groups": null,
            "id": "ecr-access",
            "name": "ecr-access",
            "policy_arn": "arn:aws:iam::640267202583:policy/ecr-access-policy",
            "roles": [
              "application-role"
            ],
            "users": null
          },
          "sensitive_attributes": [],
          "private": "bnVsbA==",
          "dependencies": [
            "aws_iam_policy.ecr_access_policy",
            "aws_iam_role.role",
            "data.aws_iam_policy_document.assume_role_ec2_policy_document",
            "data.aws_iam_policy_document.ecr_access_policy_document"
          ]
        }
      ]
    },
    {
      "mode": "managed",
      "type": "aws_iam_role",
      "name": "role",
      "provider": "provider[\"registry.terraform.io/hashicorp/aws\"]",
      "instances": [
        {
          "schema_version": 0,
          "attributes": {
            "arn": "arn:aws:iam::640267202583:role/application-role",
            "assume_role_policy": "{\"Version\":\"2012-10-17\",\"Statement\":[{\"Sid\":\"\",\"Effect\":\"Allow\",\"Principal\":{\"Service\":\"ec2.amazonaws.com\"},\"Action\":\"sts:AssumeRole\"}]}",
            "create_date": "2022-07-26T02:33:26Z",
            "description": "",
            "force_detach_policies": false,
            "id": "application-role",
            "inline_policy": [
              {
                "name": "",
                "policy": ""
              }
            ],
            "managed_policy_arns": [],
            "max_session_duration": 3600,
            "name": "application-role",
            "name_prefix": "",
            "path": "/",
            "permissions_boundary": null,
            "tags": null,
            "tags_all": {
              "project": "loggercise-go"
            },
            "unique_id": "AROAZKEXGGAL7F5Z3JQZT"
          },
          "sensitive_attributes": [],
          "private": "bnVsbA==",
          "dependencies": [
            "data.aws_iam_policy_document.assume_role_ec2_policy_document"
          ]
        }
      ]
    },
    {
      "mode": "managed",
      "type": "aws_instance",
      "name": "application",
      "provider": "provider[\"registry.terraform.io/hashicorp/aws\"]",
      "instances": []
    },
    {
      "mode": "managed",
      "type": "aws_internet_gateway",
      "name": "gateway",
      "provider": "provider[\"registry.terraform.io/hashicorp/aws\"]",
      "instances": [
        {
          "schema_version": 0,
          "attributes": {
            "arn": "arn:aws:ec2:us-west-1:640267202583:internet-gateway/igw-0584c57ade3bea80a",
            "id": "igw-0584c57ade3bea80a",
            "owner_id": "640267202583",
            "tags": null,
            "tags_all": {
              "project": "loggercise-go"
            },
            "vpc_id": "vpc-026cb54474ddafb00"
          },
          "sensitive_attributes": [],
          "private": "bnVsbA==",
          "dependencies": [
            "aws_vpc.main"
          ]
        }
      ]
    },
    {
      "mode": "managed",
      "type": "aws_main_route_table_association",
      "name": "main",
      "provider": "provider[\"registry.terraform.io/hashicorp/aws\"]",
      "instances": [
        {
          "schema_version": 0,
          "attributes": {
            "id": "rtbassoc-00eeb03b2a9a36c5e",
            "original_route_table_id": "rtb-0090610bb44ab2431",
            "route_table_id": "rtb-09590def83f79c435",
            "vpc_id": "vpc-026cb54474ddafb00"
          },
          "sensitive_attributes": [],
          "private": "bnVsbA==",
          "dependencies": [
            "aws_internet_gateway.gateway",
            "aws_route_table.public",
            "aws_vpc.main"
          ]
        }
      ]
    },
    {
      "mode": "managed",
      "type": "aws_network_acl_association",
      "name": "main",
      "provider": "provider[\"registry.terraform.io/hashicorp/aws\"]",
      "instances": []
    },
    {
      "mode": "managed",
      "type": "aws_route_table",
      "name": "public",
      "provider": "provider[\"registry.terraform.io/hashicorp/aws\"]",
      "instances": [
        {
          "schema_version": 0,
          "attributes": {
            "arn": "arn:aws:ec2:us-west-1:640267202583:route-table/rtb-09590def83f79c435",
            "id": "rtb-09590def83f79c435",
            "owner_id": "640267202583",
            "propagating_vgws": [],
            "route": [
              {
                "carrier_gateway_id": "",
                "cidr_block": "0.0.0.0/0",
                "core_network_arn": "",
                "destination_prefix_list_id": "",
                "egress_only_gateway_id": "",
                "gateway_id": "igw-0584c57ade3bea80a",
                "instance_id": "",
                "ipv6_cidr_block": "",
                "local_gateway_id": "",
                "nat_gateway_id": "",
                "network_interface_id": "",
                "transit_gateway_id": "",
                "vpc_endpoint_id": "",
                "vpc_peering_connection_id": ""
              }
            ],
            "tags": null,
            "tags_all": {
              "project": "loggercise-go"
            },
            "timeouts": null,
            "vpc_id": "vpc-026cb54474ddafb00"
          },
          "sensitive_attributes": [],
          "private": "eyJlMmJmYjczMC1lY2FhLTExZTYtOGY4OC0zNDM2M2JjN2M0YzAiOnsiY3JlYXRlIjozMDAwMDAwMDAwMDAsImRlbGV0ZSI6MzAwMDAwMDAwMDAwLCJ1cGRhdGUiOjEyMDAwMDAwMDAwMH19",
          "dependencies": [
            "aws_internet_gateway.gateway",
            "aws_vpc.main"
          ]
        }
      ]
    },
    {
      "mode": "managed",
      "type": "aws_route_table_association",
      "name": "main",
      "provider": "provider[\"registry.terraform.io/hashicorp/aws\"]",
      "instances": []
    },
    {
      "mode": "managed",
      "type": "aws_security_group",
      "name": "public",
      "provider": "provider[\"registry.terraform.io/hashicorp/aws\"]",
      "instances": [
        {
          "schema_version": 1,
          "attributes": {
            "arn": "arn:aws:ec2:us-west-1:640267202583:security-group/sg-05ea1bca76d9cf778",
            "description": "Managed by Terraform",
            "egress": [
              {
                "cidr_blocks": [
                  "0.0.0.0/0"
                ],
                "description": "",
                "from_port": 0,
                "ipv6_cidr_blocks": [],
                "prefix_list_ids": [],
                "protocol": "-1",
                "security_groups": [],
                "self": false,
                "to_port": 0
              }
            ],
            "id": "sg-05ea1bca76d9cf778",
            "ingress": [
              {
                "cidr_blocks": [
                  "0.0.0.0/0"
                ],
                "description": "",
                "from_port": 80,
                "ipv6_cidr_blocks": [],
                "prefix_list_ids": [],
                "protocol": "tcp",
                "security_groups": [],
                "self": false,
                "to_port": 80
              }
            ],
            "name": "public-sg",
            "name_prefix": "",
            "owner_id": "640267202583",
            "revoke_rules_on_delete": false,
            "tags": null,
            "tags_all": {
              "project": "loggercise-go"
            },
            "timeouts": null,
            "vpc_id": "vpc-026cb54474ddafb00"
          },
          "sensitive_attributes": [],
          "private": "eyJlMmJmYjczMC1lY2FhLTExZTYtOGY4OC0zNDM2M2JjN2M0YzAiOnsiY3JlYXRlIjo2MDAwMDAwMDAwMDAsImRlbGV0ZSI6OTAwMDAwMDAwMDAwfSwic2NoZW1hX3ZlcnNpb24iOiIxIn0=",
          "dependencies": [
            "aws_vpc.main"
          ]
        }
      ]
    },
    {
      "mode": "managed",
      "type": "aws_vpc",
      "name": "main",
      "provider": "provider[\"registry.terraform.io/hashicorp/aws\"]",
      "instances": [
        {
          "schema_version": 1,
          "attributes": {
            "arn": "arn:aws:ec2:us-west-1:640267202583:vpc/vpc-026cb54474ddafb00",
            "assign_generated_ipv6_cidr_block": false,
            "cidr_block": "10.0.0.0/20",
            "default_network_acl_id": "acl-0b9f7c94506ca651b",
            "default_route_table_id": "rtb-0090610bb44ab2431",
            "default_security_group_id": "sg-0df4441fc093f946a",
            "dhcp_options_id": "dopt-05827bb25d378f9e5",
            "enable_classiclink": false,
            "enable_classiclink_dns_support": false,
            "enable_dns_hostnames": false,
            "enable_dns_support": true,
            "id": "vpc-026cb54474ddafb00",
            "instance_tenancy": "default",
            "ipv4_ipam_pool_id": null,
            "ipv4_netmask_length": null,
            "ipv6_association_id": "",
            "ipv6_cidr_block": "",
            "ipv6_cidr_block_network_border_group": "",
            "ipv6_ipam_pool_id": "",
            "ipv6_netmask_length": 0,
            "main_route_table_id": "rtb-0090610bb44ab2431",
            "owner_id": "640267202583",
            "tags": null,
            "tags_all": {
              "project": "loggercise-go"
            }
          },
          "sensitive_attributes": [],
          "private": "eyJzY2hlbWFfdmVyc2lvbiI6IjEifQ=="
        }
      ]
    },
    {
      "mode": "managed",
      "type": "docker_registry_image",
      "name": "go_example",
      "provider": "provider[\"registry.terraform.io/kreuzwerker/docker\"]",
      "instances": [
        {
          "schema_version": 0,
          "attributes": {
            "build": [
              {
                "auth_config": [],
                "build_args": null,
                "build_id": "",
                "cache_from": null,
                "cgroup_parent": "",
                "context": "./../app/.",
                "cpu_period": 0,
                "cpu_quota": 0,
                "cpu_set_cpus": "",
                "cpu_set_mems": "",
                "cpu_shares": 0,
                "dockerfile": "app/Dockerfile",
                "extra_hosts": null,
                "force_remove": false,
                "isolation": "",
                "labels": null,
                "memory": 0,
                "memory_swap": 0,
                "network_mode": "",
                "no_cache": true,
                "platform": "",
                "pull_parent": false,
                "remote_context": "",
                "remove": false,
                "security_opt": null,
                "session_id": "",
                "shm_size": 0,
                "squash": false,
                "suppress_output": false,
                "target": "",
                "ulimit": [],
                "version": ""
              }
            ],
            "id": "sha256:157b65e2d4c3894ca06e587000b994ab457b1dc535e9832d22909f9d78356ca0",
            "insecure_skip_verify": false,
            "keep_remotely": false,
            "name": "640267202583.dkr.ecr.us-west-1.amazonaws.com/loggercise-go:v1",
            "sha256_digest": "sha256:157b65e2d4c3894ca06e587000b994ab457b1dc535e9832d22909f9d78356ca0"
          },
          "sensitive_attributes": [],
          "private": "bnVsbA==",
          "dependencies": [
            "aws_ecr_repository.go_server",
            "data.aws_ecr_authorization_token.go_server"
          ]
        }
      ]
    }
  ]
}
